
Microsoft Visual Studio Solution File, Format Version 12.00
# Visual Studio 15
Project("{FAE04EC0-301F-11D3-BF4B-00C04F79EFBC}") = "Assembly-CSharp", "Assembly-CSharp.csproj", "{7043C700-0D30-FC62-3351-FBE699430FE8}"
EndProject
Project("{FAE04EC0-301F-11D3-BF4B-00C04F79EFBC}") = "Assembly-CSharp-Editor", "Assembly-CSharp-Editor.csproj", "{BF970496-D444-268E-7241-508E2E85B4E0}"
EndProject
Project("{FAE04EC0-301F-11D3-BF4B-00C04F79EFBC}") = "Assembly-CSharp-Editor-firstpass", "Assembly-CSharp-Editor-firstpass.csproj", "{8EA9A2F5-BAAA-ADB7-AAA8-5FF036CF7B63}"
EndProject
Global
	GlobalSection(SolutionConfigurationPlatforms) = preSolution
		Debug|Any CPU = Debug|Any CPU
		Release|Any CPU = Release|Any CPU
	EndGlobalSection
	GlobalSection(ProjectConfigurationPlatforms) = postSolution
		{7043C700-0D30-FC62-3351-FBE699430FE8}.Debug|Any CPU.ActiveCfg = Debug|Any CPU
		{7043C700-0D30-FC62-3351-FBE699430FE8}.Debug|Any CPU.Build.0 = Debug|Any CPU
		{7043C700-0D30-FC62-3351-FBE699430FE8}.Release|Any CPU.ActiveCfg = Release|Any CPU
		{7043C700-0D30-FC62-3351-FBE699430FE8}.Release|Any CPU.Build.0 = Release|Any CPU
		{BF970496-D444-268E-7241-508E2E85B4E0}.Debug|Any CPU.ActiveCfg = Debug|Any CPU
		{BF970496-D444-268E-7241-508E2E85B4E0}.Debug|Any CPU.Build.0 = Debug|Any CPU
		{BF970496-D444-268E-7241-508E2E85B4E0}.Release|Any CPU.ActiveCfg = Release|Any CPU
		{BF970496-D444-268E-7241-508E2E85B4E0}.Release|Any CPU.Build.0 = Release|Any CPU
		{8EA9A2F5-BAAA-ADB7-AAA8-5FF036CF7B63}.Debug|Any CPU.ActiveCfg = Debug|Any CPU
		{8EA9A2F5-BAAA-ADB7-AAA8-5FF036CF7B63}.Debug|Any CPU.Build.0 = Debug|Any CPU
		{8EA9A2F5-BAAA-ADB7-AAA8-5FF036CF7B63}.Release|Any CPU.ActiveCfg = Release|Any CPU
		{8EA9A2F5-BAAA-ADB7-AAA8-5FF036CF7B63}.Release|Any CPU.Build.0 = Release|Any CPU
	EndGlobalSection
	GlobalSection(SolutionProperties) = preSolution
		HideSolutionNode = FALSE
	EndGlobalSection
EndGlobal
